// !$*UTF8*$!
{
	archiveVersion = 1;
	classes = {
	};
	objectVersion = 50;
	objects = {

/* Begin PBXBuildFile section */
		E1146F15243C07C000A87DC1 /* ContentViewState.swift in Sources */ = {isa = PBXBuildFile; fileRef = E1146F14243C07C000A87DC1 /* ContentViewState.swift */; };
		E1146F18243C099A00A87DC1 /* ContentViewLogic_Tests.swift in Sources */ = {isa = PBXBuildFile; fileRef = E1146F17243C099A00A87DC1 /* ContentViewLogic_Tests.swift */; };
		E16583A2244E7D4700AD4105 /* CountdownUi.swift in Sources */ = {isa = PBXBuildFile; fileRef = E16583A1244E7D4700AD4105 /* CountdownUi.swift */; };
		E16583A4244E7E2F00AD4105 /* CountdownUiParams.swift in Sources */ = {isa = PBXBuildFile; fileRef = E16583A3244E7E2F00AD4105 /* CountdownUiParams.swift */; };
		E17BEEB1244C0ECC00A6D6D0 /* SteppedTimer.xcdatamodeld in Sources */ = {isa = PBXBuildFile; fileRef = E17BEEAF244C0ECC00A6D6D0 /* SteppedTimer.xcdatamodeld */; };
		E17BEEB3244C0F0F00A6D6D0 /* TimerTime+Extensions.swift in Sources */ = {isa = PBXBuildFile; fileRef = E17BEEB2244C0F0F00A6D6D0 /* TimerTime+Extensions.swift */; };
		E1B8CC962443DCA20000C409 /* TimerTimeStep.swift in Sources */ = {isa = PBXBuildFile; fileRef = E1B8CC952443DCA20000C409 /* TimerTimeStep.swift */; };
		E1CB2C882426F44E00C8D5A0 /* AppDelegate.swift in Sources */ = {isa = PBXBuildFile; fileRef = E1CB2C872426F44E00C8D5A0 /* AppDelegate.swift */; };
		E1CB2C8A2426F44E00C8D5A0 /* SceneDelegate.swift in Sources */ = {isa = PBXBuildFile; fileRef = E1CB2C892426F44E00C8D5A0 /* SceneDelegate.swift */; };
		E1CB2C8F2426F44E00C8D5A0 /* ContentView.swift in Sources */ = {isa = PBXBuildFile; fileRef = E1CB2C8E2426F44E00C8D5A0 /* ContentView.swift */; };
		E1CB2C912426F44F00C8D5A0 /* Assets.xcassets in Resources */ = {isa = PBXBuildFile; fileRef = E1CB2C902426F44F00C8D5A0 /* Assets.xcassets */; };
		E1CB2C942426F44F00C8D5A0 /* Preview Assets.xcassets in Resources */ = {isa = PBXBuildFile; fileRef = E1CB2C932426F44F00C8D5A0 /* Preview Assets.xcassets */; };
		E1CB2C972426F44F00C8D5A0 /* LaunchScreen.storyboard in Resources */ = {isa = PBXBuildFile; fileRef = E1CB2C952426F44F00C8D5A0 /* LaunchScreen.storyboard */; };
		E1CB2CA22426F45000C8D5A0 /* Stepped_TimerTests.swift in Sources */ = {isa = PBXBuildFile; fileRef = E1CB2CA12426F45000C8D5A0 /* Stepped_TimerTests.swift */; };
		E1CB2CAD2426F45000C8D5A0 /* Stepped_TimerUITests.swift in Sources */ = {isa = PBXBuildFile; fileRef = E1CB2CAC2426F45000C8D5A0 /* Stepped_TimerUITests.swift */; };
		E1CB2CC2242712F600C8D5A0 /* TimerToolbarParams.swift in Sources */ = {isa = PBXBuildFile; fileRef = E1CB2CC1242712F600C8D5A0 /* TimerToolbarParams.swift */; };
		E1CB2CC42427156900C8D5A0 /* TimerToolbar.swift in Sources */ = {isa = PBXBuildFile; fileRef = E1CB2CC32427156900C8D5A0 /* TimerToolbar.swift */; };
		E1CB2CC924271CFF00C8D5A0 /* ContentViewLogic.swift in Sources */ = {isa = PBXBuildFile; fileRef = E1CB2CC824271CFF00C8D5A0 /* ContentViewLogic.swift */; };
		E1CB2CCE2427BC2600C8D5A0 /* CountdownTimerText.swift in Sources */ = {isa = PBXBuildFile; fileRef = E1CB2CCD2427BC2600C8D5A0 /* CountdownTimerText.swift */; };
		E1CB2CD12427BDE600C8D5A0 /* CountdownTimerTextParams.swift in Sources */ = {isa = PBXBuildFile; fileRef = E1CB2CD02427BDE600C8D5A0 /* CountdownTimerTextParams.swift */; };
		E1CB2CD32427BEA900C8D5A0 /* CountdownTimerTextLogic.swift in Sources */ = {isa = PBXBuildFile; fileRef = E1CB2CD22427BEA900C8D5A0 /* CountdownTimerTextLogic.swift */; };
		E1DF861F24319A7400EE17ED /* CountdownTimerTextLogic_Tests.swift in Sources */ = {isa = PBXBuildFile; fileRef = E1DF861E24319A7400EE17ED /* CountdownTimerTextLogic_Tests.swift */; };
/* End PBXBuildFile section */

/* Begin PBXContainerItemProxy section */
		E1CB2C9E2426F45000C8D5A0 /* PBXContainerItemProxy */ = {
			isa = PBXContainerItemProxy;
			containerPortal = E1CB2C7C2426F44E00C8D5A0 /* Project object */;
			proxyType = 1;
			remoteGlobalIDString = E1CB2C832426F44E00C8D5A0;
			remoteInfo = "Stepped Timer";
		};
		E1CB2CA92426F45000C8D5A0 /* PBXContainerItemProxy */ = {
			isa = PBXContainerItemProxy;
			containerPortal = E1CB2C7C2426F44E00C8D5A0 /* Project object */;
			proxyType = 1;
			remoteGlobalIDString = E1CB2C832426F44E00C8D5A0;
			remoteInfo = "Stepped Timer";
		};
/* End PBXContainerItemProxy section */

/* Begin PBXFileReference section */
		E1146F14243C07C000A87DC1 /* ContentViewState.swift */ = {isa = PBXFileReference; lastKnownFileType = sourcecode.swift; path = ContentViewState.swift; sourceTree = "<group>"; };
		E1146F17243C099A00A87DC1 /* ContentViewLogic_Tests.swift */ = {isa = PBXFileReference; lastKnownFileType = sourcecode.swift; path = ContentViewLogic_Tests.swift; sourceTree = "<group>"; };
		E16583A1244E7D4700AD4105 /* CountdownUi.swift */ = {isa = PBXFileReference; lastKnownFileType = sourcecode.swift; path = CountdownUi.swift; sourceTree = "<group>"; };
		E16583A3244E7E2F00AD4105 /* CountdownUiParams.swift */ = {isa = PBXFileReference; lastKnownFileType = sourcecode.swift; path = CountdownUiParams.swift; sourceTree = "<group>"; };
		E17BEEB0244C0ECC00A6D6D0 /* SteppedTimer.xcdatamodel */ = {isa = PBXFileReference; lastKnownFileType = wrapper.xcdatamodel; path = SteppedTimer.xcdatamodel; sourceTree = "<group>"; };
		E17BEEB2244C0F0F00A6D6D0 /* TimerTime+Extensions.swift */ = {isa = PBXFileReference; lastKnownFileType = sourcecode.swift; path = "TimerTime+Extensions.swift"; sourceTree = "<group>"; };
		E1B8CC952443DCA20000C409 /* TimerTimeStep.swift */ = {isa = PBXFileReference; lastKnownFileType = sourcecode.swift; path = TimerTimeStep.swift; sourceTree = "<group>"; };
		E1CB2C842426F44E00C8D5A0 /* Stepped Timer.app */ = {isa = PBXFileReference; explicitFileType = wrapper.application; includeInIndex = 0; path = "Stepped Timer.app"; sourceTree = BUILT_PRODUCTS_DIR; };
		E1CB2C872426F44E00C8D5A0 /* AppDelegate.swift */ = {isa = PBXFileReference; lastKnownFileType = sourcecode.swift; path = AppDelegate.swift; sourceTree = "<group>"; };
		E1CB2C892426F44E00C8D5A0 /* SceneDelegate.swift */ = {isa = PBXFileReference; lastKnownFileType = sourcecode.swift; path = SceneDelegate.swift; sourceTree = "<group>"; };
		E1CB2C8E2426F44E00C8D5A0 /* ContentView.swift */ = {isa = PBXFileReference; lastKnownFileType = sourcecode.swift; path = ContentView.swift; sourceTree = "<group>"; };
		E1CB2C902426F44F00C8D5A0 /* Assets.xcassets */ = {isa = PBXFileReference; lastKnownFileType = folder.assetcatalog; path = Assets.xcassets; sourceTree = "<group>"; };
		E1CB2C932426F44F00C8D5A0 /* Preview Assets.xcassets */ = {isa = PBXFileReference; lastKnownFileType = folder.assetcatalog; path = "Preview Assets.xcassets"; sourceTree = "<group>"; };
		E1CB2C962426F44F00C8D5A0 /* Base */ = {isa = PBXFileReference; lastKnownFileType = file.storyboard; name = Base; path = Base.lproj/LaunchScreen.storyboard; sourceTree = "<group>"; };
		E1CB2C982426F44F00C8D5A0 /* Info.plist */ = {isa = PBXFileReference; lastKnownFileType = text.plist.xml; path = Info.plist; sourceTree = "<group>"; };
		E1CB2C9D2426F45000C8D5A0 /* Stepped TimerTests.xctest */ = {isa = PBXFileReference; explicitFileType = wrapper.cfbundle; includeInIndex = 0; path = "Stepped TimerTests.xctest"; sourceTree = BUILT_PRODUCTS_DIR; };
		E1CB2CA12426F45000C8D5A0 /* Stepped_TimerTests.swift */ = {isa = PBXFileReference; lastKnownFileType = sourcecode.swift; path = Stepped_TimerTests.swift; sourceTree = "<group>"; };
		E1CB2CA32426F45000C8D5A0 /* Info.plist */ = {isa = PBXFileReference; lastKnownFileType = text.plist.xml; path = Info.plist; sourceTree = "<group>"; };
		E1CB2CA82426F45000C8D5A0 /* Stepped TimerUITests.xctest */ = {isa = PBXFileReference; explicitFileType = wrapper.cfbundle; includeInIndex = 0; path = "Stepped TimerUITests.xctest"; sourceTree = BUILT_PRODUCTS_DIR; };
		E1CB2CAC2426F45000C8D5A0 /* Stepped_TimerUITests.swift */ = {isa = PBXFileReference; lastKnownFileType = sourcecode.swift; path = Stepped_TimerUITests.swift; sourceTree = "<group>"; };
		E1CB2CAE2426F45000C8D5A0 /* Info.plist */ = {isa = PBXFileReference; lastKnownFileType = text.plist.xml; path = Info.plist; sourceTree = "<group>"; };
		E1CB2CC1242712F600C8D5A0 /* TimerToolbarParams.swift */ = {isa = PBXFileReference; lastKnownFileType = sourcecode.swift; path = TimerToolbarParams.swift; sourceTree = "<group>"; };
		E1CB2CC32427156900C8D5A0 /* TimerToolbar.swift */ = {isa = PBXFileReference; fileEncoding = 4; lastKnownFileType = sourcecode.swift; path = TimerToolbar.swift; sourceTree = "<group>"; };
		E1CB2CC824271CFF00C8D5A0 /* ContentViewLogic.swift */ = {isa = PBXFileReference; lastKnownFileType = sourcecode.swift; path = ContentViewLogic.swift; sourceTree = "<group>"; };
		E1CB2CCD2427BC2600C8D5A0 /* CountdownTimerText.swift */ = {isa = PBXFileReference; lastKnownFileType = sourcecode.swift; path = CountdownTimerText.swift; sourceTree = "<group>"; };
		E1CB2CD02427BDE600C8D5A0 /* CountdownTimerTextParams.swift */ = {isa = PBXFileReference; lastKnownFileType = sourcecode.swift; path = CountdownTimerTextParams.swift; sourceTree = "<group>"; };
		E1CB2CD22427BEA900C8D5A0 /* CountdownTimerTextLogic.swift */ = {isa = PBXFileReference; lastKnownFileType = sourcecode.swift; path = CountdownTimerTextLogic.swift; sourceTree = "<group>"; };
		E1DF861E24319A7400EE17ED /* CountdownTimerTextLogic_Tests.swift */ = {isa = PBXFileReference; lastKnownFileType = sourcecode.swift; path = CountdownTimerTextLogic_Tests.swift; sourceTree = "<group>"; };
/* End PBXFileReference section */

/* Begin PBXFrameworksBuildPhase section */
		E1CB2C812426F44E00C8D5A0 /* Frameworks */ = {
			isa = PBXFrameworksBuildPhase;
			buildActionMask = 2147483647;
			files = (
			);
			runOnlyForDeploymentPostprocessing = 0;
		};
		E1CB2C9A2426F45000C8D5A0 /* Frameworks */ = {
			isa = PBXFrameworksBuildPhase;
			buildActionMask = 2147483647;
			files = (
			);
			runOnlyForDeploymentPostprocessing = 0;
		};
		E1CB2CA52426F45000C8D5A0 /* Frameworks */ = {
			isa = PBXFrameworksBuildPhase;
			buildActionMask = 2147483647;
			files = (
			);
			runOnlyForDeploymentPostprocessing = 0;
		};
/* End PBXFrameworksBuildPhase section */

/* Begin PBXGroup section */
		E1146F16243C098A00A87DC1 /* ContentView */ = {
			isa = PBXGroup;
			children = (
				E1146F17243C099A00A87DC1 /* ContentViewLogic_Tests.swift */,
			);
			path = ContentView;
			sourceTree = "<group>";
		};
		E12829D62444D56900E7BF54 /* CoreData */ = {
			isa = PBXGroup;
			children = (
				E17BEEAF244C0ECC00A6D6D0 /* SteppedTimer.xcdatamodeld */,
				E17BEEB2244C0F0F00A6D6D0 /* TimerTime+Extensions.swift */,
			);
			path = CoreData;
			sourceTree = "<group>";
		};
		E16583A0244E7D2A00AD4105 /* CountdownUi */ = {
			isa = PBXGroup;
			children = (
				E16583A1244E7D4700AD4105 /* CountdownUi.swift */,
				E16583A3244E7E2F00AD4105 /* CountdownUiParams.swift */,
			);
			path = CountdownUi;
			sourceTree = "<group>";
		};
		E1B8CC942443DC7C0000C409 /* Shared Structs */ = {
			isa = PBXGroup;
			children = (
				E1B8CC952443DCA20000C409 /* TimerTimeStep.swift */,
			);
			path = "Shared Structs";
			sourceTree = "<group>";
		};
		E1CB2C7B2426F44E00C8D5A0 = {
			isa = PBXGroup;
			children = (
				E1CB2C862426F44E00C8D5A0 /* Stepped Timer */,
				E1CB2CA02426F45000C8D5A0 /* Stepped TimerTests */,
				E1CB2CAB2426F45000C8D5A0 /* Stepped TimerUITests */,
				E1CB2C852426F44E00C8D5A0 /* Products */,
			);
			sourceTree = "<group>";
		};
		E1CB2C852426F44E00C8D5A0 /* Products */ = {
			isa = PBXGroup;
			children = (
				E1CB2C842426F44E00C8D5A0 /* Stepped Timer.app */,
				E1CB2C9D2426F45000C8D5A0 /* Stepped TimerTests.xctest */,
				E1CB2CA82426F45000C8D5A0 /* Stepped TimerUITests.xctest */,
			);
			name = Products;
			sourceTree = "<group>";
		};
		E1CB2C862426F44E00C8D5A0 /* Stepped Timer */ = {
			isa = PBXGroup;
			children = (
				E12829D62444D56900E7BF54 /* CoreData */,
				E1B8CC942443DC7C0000C409 /* Shared Structs */,
				E1CB2CC5242715C300C8D5A0 /* Views */,
				E1CB2C872426F44E00C8D5A0 /* AppDelegate.swift */,
				E1CB2C892426F44E00C8D5A0 /* SceneDelegate.swift */,
				E1CB2C902426F44F00C8D5A0 /* Assets.xcassets */,
				E1CB2C952426F44F00C8D5A0 /* LaunchScreen.storyboard */,
				E1CB2C982426F44F00C8D5A0 /* Info.plist */,
				E1CB2C922426F44F00C8D5A0 /* Preview Content */,
			);
			path = "Stepped Timer";
			sourceTree = "<group>";
		};
		E1CB2C922426F44F00C8D5A0 /* Preview Content */ = {
			isa = PBXGroup;
			children = (
				E1CB2C932426F44F00C8D5A0 /* Preview Assets.xcassets */,
			);
			path = "Preview Content";
			sourceTree = "<group>";
		};
		E1CB2CA02426F45000C8D5A0 /* Stepped TimerTests */ = {
			isa = PBXGroup;
			children = (
				E1DF861C24319A5000EE17ED /* Views */,
				E1CB2CA12426F45000C8D5A0 /* Stepped_TimerTests.swift */,
				E1CB2CA32426F45000C8D5A0 /* Info.plist */,
			);
			path = "Stepped TimerTests";
			sourceTree = "<group>";
		};
		E1CB2CAB2426F45000C8D5A0 /* Stepped TimerUITests */ = {
			isa = PBXGroup;
			children = (
				E1CB2CAC2426F45000C8D5A0 /* Stepped_TimerUITests.swift */,
				E1CB2CAE2426F45000C8D5A0 /* Info.plist */,
			);
			path = "Stepped TimerUITests";
			sourceTree = "<group>";
		};
		E1CB2CC5242715C300C8D5A0 /* Views */ = {
			isa = PBXGroup;
			children = (
				E16583A0244E7D2A00AD4105 /* CountdownUi */,
				E1CB2CCA24271D6900C8D5A0 /* ContentView */,
				E1CB2CC7242716B500C8D5A0 /* TimerToolbar */,
				E1CB2CCF2427BDB500C8D5A0 /* CountdownTimerText */,
			);
			path = Views;
			sourceTree = "<group>";
		};
		E1CB2CC7242716B500C8D5A0 /* TimerToolbar */ = {
			isa = PBXGroup;
			children = (
				E1CB2CC32427156900C8D5A0 /* TimerToolbar.swift */,
				E1CB2CC1242712F600C8D5A0 /* TimerToolbarParams.swift */,
			);
			path = TimerToolbar;
			sourceTree = "<group>";
		};
		E1CB2CCA24271D6900C8D5A0 /* ContentView */ = {
			isa = PBXGroup;
			children = (
				E1CB2C8E2426F44E00C8D5A0 /* ContentView.swift */,
				E1CB2CC824271CFF00C8D5A0 /* ContentViewLogic.swift */,
				E1146F14243C07C000A87DC1 /* ContentViewState.swift */,
			);
			path = ContentView;
			sourceTree = "<group>";
		};
		E1CB2CCF2427BDB500C8D5A0 /* CountdownTimerText */ = {
			isa = PBXGroup;
			children = (
				E1CB2CCD2427BC2600C8D5A0 /* CountdownTimerText.swift */,
				E1CB2CD02427BDE600C8D5A0 /* CountdownTimerTextParams.swift */,
				E1CB2CD22427BEA900C8D5A0 /* CountdownTimerTextLogic.swift */,
			);
			path = CountdownTimerText;
			sourceTree = "<group>";
		};
		E1DF861C24319A5000EE17ED /* Views */ = {
			isa = PBXGroup;
			children = (
				E1146F16243C098A00A87DC1 /* ContentView */,
				E1DF861D24319A5A00EE17ED /* CountdownTimerText */,
			);
			path = Views;
			sourceTree = "<group>";
		};
		E1DF861D24319A5A00EE17ED /* CountdownTimerText */ = {
			isa = PBXGroup;
			children = (
				E1DF861E24319A7400EE17ED /* CountdownTimerTextLogic_Tests.swift */,
			);
			path = CountdownTimerText;
			sourceTree = "<group>";
		};
/* End PBXGroup section */

/* Begin PBXNativeTarget section */
		E1CB2C832426F44E00C8D5A0 /* Stepped Timer */ = {
			isa = PBXNativeTarget;
			buildConfigurationList = E1CB2CB12426F45000C8D5A0 /* Build configuration list for PBXNativeTarget "Stepped Timer" */;
			buildPhases = (
				E1CB2C802426F44E00C8D5A0 /* Sources */,
				E1CB2C812426F44E00C8D5A0 /* Frameworks */,
				E1CB2C822426F44E00C8D5A0 /* Resources */,
			);
			buildRules = (
			);
			dependencies = (
			);
			name = "Stepped Timer";
			productName = "Stepped Timer";
			productReference = E1CB2C842426F44E00C8D5A0 /* Stepped Timer.app */;
			productType = "com.apple.product-type.application";
		};
		E1CB2C9C2426F45000C8D5A0 /* Stepped TimerTests */ = {
			isa = PBXNativeTarget;
			buildConfigurationList = E1CB2CB42426F45000C8D5A0 /* Build configuration list for PBXNativeTarget "Stepped TimerTests" */;
			buildPhases = (
				E1CB2C992426F45000C8D5A0 /* Sources */,
				E1CB2C9A2426F45000C8D5A0 /* Frameworks */,
				E1CB2C9B2426F45000C8D5A0 /* Resources */,
			);
			buildRules = (
			);
			dependencies = (
				E1CB2C9F2426F45000C8D5A0 /* PBXTargetDependency */,
			);
			name = "Stepped TimerTests";
			productName = "Stepped TimerTests";
			productReference = E1CB2C9D2426F45000C8D5A0 /* Stepped TimerTests.xctest */;
			productType = "com.apple.product-type.bundle.unit-test";
		};
		E1CB2CA72426F45000C8D5A0 /* Stepped TimerUITests */ = {
			isa = PBXNativeTarget;
			buildConfigurationList = E1CB2CB72426F45000C8D5A0 /* Build configuration list for PBXNativeTarget "Stepped TimerUITests" */;
			buildPhases = (
				E1CB2CA42426F45000C8D5A0 /* Sources */,
				E1CB2CA52426F45000C8D5A0 /* Frameworks */,
				E1CB2CA62426F45000C8D5A0 /* Resources */,
			);
			buildRules = (
			);
			dependencies = (
				E1CB2CAA2426F45000C8D5A0 /* PBXTargetDependency */,
			);
			name = "Stepped TimerUITests";
			productName = "Stepped TimerUITests";
			productReference = E1CB2CA82426F45000C8D5A0 /* Stepped TimerUITests.xctest */;
			productType = "com.apple.product-type.bundle.ui-testing";
		};
/* End PBXNativeTarget section */

/* Begin PBXProject section */
		E1CB2C7C2426F44E00C8D5A0 /* Project object */ = {
			isa = PBXProject;
			attributes = {
				LastSwiftUpdateCheck = 1120;
				LastUpgradeCheck = 1120;
				ORGANIZATIONNAME = "Robert Sikorski";
				TargetAttributes = {
					E1CB2C832426F44E00C8D5A0 = {
						CreatedOnToolsVersion = 11.2;
					};
					E1CB2C9C2426F45000C8D5A0 = {
						CreatedOnToolsVersion = 11.2;
						TestTargetID = E1CB2C832426F44E00C8D5A0;
					};
					E1CB2CA72426F45000C8D5A0 = {
						CreatedOnToolsVersion = 11.2;
						TestTargetID = E1CB2C832426F44E00C8D5A0;
					};
				};
			};
			buildConfigurationList = E1CB2C7F2426F44E00C8D5A0 /* Build configuration list for PBXProject "Stepped Timer" */;
			compatibilityVersion = "Xcode 9.3";
			developmentRegion = en;
			hasScannedForEncodings = 0;
			knownRegions = (
				en,
				Base,
			);
			mainGroup = E1CB2C7B2426F44E00C8D5A0;
			productRefGroup = E1CB2C852426F44E00C8D5A0 /* Products */;
			projectDirPath = "";
			projectRoot = "";
			targets = (
				E1CB2C832426F44E00C8D5A0 /* Stepped Timer */,
				E1CB2C9C2426F45000C8D5A0 /* Stepped TimerTests */,
				E1CB2CA72426F45000C8D5A0 /* Stepped TimerUITests */,
			);
		};
/* End PBXProject section */

/* Begin PBXResourcesBuildPhase section */
		E1CB2C822426F44E00C8D5A0 /* Resources */ = {
			isa = PBXResourcesBuildPhase;
			buildActionMask = 2147483647;
			files = (
				E1CB2C972426F44F00C8D5A0 /* LaunchScreen.storyboard in Resources */,
				E1CB2C942426F44F00C8D5A0 /* Preview Assets.xcassets in Resources */,
				E1CB2C912426F44F00C8D5A0 /* Assets.xcassets in Resources */,
			);
			runOnlyForDeploymentPostprocessing = 0;
		};
		E1CB2C9B2426F45000C8D5A0 /* Resources */ = {
			isa = PBXResourcesBuildPhase;
			buildActionMask = 2147483647;
			files = (
			);
			runOnlyForDeploymentPostprocessing = 0;
		};
		E1CB2CA62426F45000C8D5A0 /* Resources */ = {
			isa = PBXResourcesBuildPhase;
			buildActionMask = 2147483647;
			files = (
			);
			runOnlyForDeploymentPostprocessing = 0;
		};
/* End PBXResourcesBuildPhase section */

/* Begin PBXSourcesBuildPhase section */
		E1CB2C802426F44E00C8D5A0 /* Sources */ = {
			isa = PBXSourcesBuildPhase;
			buildActionMask = 2147483647;
			files = (
				E1CB2C882426F44E00C8D5A0 /* AppDelegate.swift in Sources */,
				E16583A4244E7E2F00AD4105 /* CountdownUiParams.swift in Sources */,
				E16583A2244E7D4700AD4105 /* CountdownUi.swift in Sources */,
				E1CB2CCE2427BC2600C8D5A0 /* CountdownTimerText.swift in Sources */,
				E1146F15243C07C000A87DC1 /* ContentViewState.swift in Sources */,
				E17BEEB1244C0ECC00A6D6D0 /* SteppedTimer.xcdatamodeld in Sources */,
				E1CB2CD32427BEA900C8D5A0 /* CountdownTimerTextLogic.swift in Sources */,
				E1CB2C8F2426F44E00C8D5A0 /* ContentView.swift in Sources */,
				E1CB2CC42427156900C8D5A0 /* TimerToolbar.swift in Sources */,
				E1CB2CC924271CFF00C8D5A0 /* ContentViewLogic.swift in Sources */,
				E17BEEB3244C0F0F00A6D6D0 /* TimerTime+Extensions.swift in Sources */,
				E1CB2C8A2426F44E00C8D5A0 /* SceneDelegate.swift in Sources */,
				E1CB2CD12427BDE600C8D5A0 /* CountdownTimerTextParams.swift in Sources */,
				E1B8CC962443DCA20000C409 /* TimerTimeStep.swift in Sources */,
				E1CB2CC2242712F600C8D5A0 /* TimerToolbarParams.swift in Sources */,
			);
			runOnlyForDeploymentPostprocessing = 0;
		};
		E1CB2C992426F45000C8D5A0 /* Sources */ = {
			isa = PBXSourcesBuildPhase;
			buildActionMask = 2147483647;
			files = (
				E1CB2CA22426F45000C8D5A0 /* Stepped_TimerTests.swift in Sources */,
				E1DF861F24319A7400EE17ED /* CountdownTimerTextLogic_Tests.swift in Sources */,
				E1146F18243C099A00A87DC1 /* ContentViewLogic_Tests.swift in Sources */,
			);
			runOnlyForDeploymentPostprocessing = 0;
		};
		E1CB2CA42426F45000C8D5A0 /* Sources */ = {
			isa = PBXSourcesBuildPhase;
			buildActionMask = 2147483647;
			files = (
				E1CB2CAD2426F45000C8D5A0 /* Stepped_TimerUITests.swift in Sources */,
			);
			runOnlyForDeploymentPostprocessing = 0;
		};
/* End PBXSourcesBuildPhase section */

/* Begin PBXTargetDependency section */
		E1CB2C9F2426F45000C8D5A0 /* PBXTargetDependency */ = {
			isa = PBXTargetDependency;
			target = E1CB2C832426F44E00C8D5A0 /* Stepped Timer */;
			targetProxy = E1CB2C9E2426F45000C8D5A0 /* PBXContainerItemProxy */;
		};
		E1CB2CAA2426F45000C8D5A0 /* PBXTargetDependency */ = {
			isa = PBXTargetDependency;
			target = E1CB2C832426F44E00C8D5A0 /* Stepped Timer */;
			targetProxy = E1CB2CA92426F45000C8D5A0 /* PBXContainerItemProxy */;
		};
/* End PBXTargetDependency section */

/* Begin PBXVariantGroup section */
		E1CB2C952426F44F00C8D5A0 /* LaunchScreen.storyboard */ = {
			isa = PBXVariantGroup;
			children = (
				E1CB2C962426F44F00C8D5A0 /* Base */,
			);
			name = LaunchScreen.storyboard;
			sourceTree = "<group>";
		};
/* End PBXVariantGroup section */

/* Begin XCBuildConfiguration section */
		E1CB2CAF2426F45000C8D5A0 /* Debug */ = {
			isa = XCBuildConfiguration;
			buildSettings = {
				ALWAYS_SEARCH_USER_PATHS = NO;
				CLANG_ANALYZER_NONNULL = YES;
				CLANG_ANALYZER_NUMBER_OBJECT_CONVERSION = YES_AGGRESSIVE;
				CLANG_CXX_LANGUAGE_STANDARD = "gnu++14";
				CLANG_CXX_LIBRARY = "libc++";
				CLANG_ENABLE_MODULES = YES;
				CLANG_ENABLE_OBJC_ARC = YES;
				CLANG_ENABLE_OBJC_WEAK = YES;
				CLANG_WARN_BLOCK_CAPTURE_AUTORELEASING = YES;
				CLANG_WARN_BOOL_CONVERSION = YES;
				CLANG_WARN_COMMA = YES;
				CLANG_WARN_CONSTANT_CONVERSION = YES;
				CLANG_WARN_DEPRECATED_OBJC_IMPLEMENTATIONS = YES;
				CLANG_WARN_DIRECT_OBJC_ISA_USAGE = YES_ERROR;
				CLANG_WARN_DOCUMENTATION_COMMENTS = YES;
				CLANG_WARN_EMPTY_BODY = YES;
				CLANG_WARN_ENUM_CONVERSION = YES;
				CLANG_WARN_INFINITE_RECURSION = YES;
				CLANG_WARN_INT_CONVERSION = YES;
				CLANG_WARN_NON_LITERAL_NULL_CONVERSION = YES;
				CLANG_WARN_OBJC_IMPLICIT_RETAIN_SELF = YES;
				CLANG_WARN_OBJC_LITERAL_CONVERSION = YES;
				CLANG_WARN_OBJC_ROOT_CLASS = YES_ERROR;
				CLANG_WARN_RANGE_LOOP_ANALYSIS = YES;
				CLANG_WARN_STRICT_PROTOTYPES = YES;
				CLANG_WARN_SUSPICIOUS_MOVE = YES;
				CLANG_WARN_UNGUARDED_AVAILABILITY = YES_AGGRESSIVE;
				CLANG_WARN_UNREACHABLE_CODE = YES;
				CLANG_WARN__DUPLICATE_METHOD_MATCH = YES;
				COPY_PHASE_STRIP = NO;
				DEBUG_INFORMATION_FORMAT = dwarf;
				ENABLE_STRICT_OBJC_MSGSEND = YES;
				ENABLE_TESTABILITY = YES;
				GCC_C_LANGUAGE_STANDARD = gnu11;
				GCC_DYNAMIC_NO_PIC = NO;
				GCC_NO_COMMON_BLOCKS = YES;
				GCC_OPTIMIZATION_LEVEL = 0;
				GCC_PREPROCESSOR_DEFINITIONS = (
					"DEBUG=1",
					"$(inherited)",
				);
				GCC_WARN_64_TO_32_BIT_CONVERSION = YES;
				GCC_WARN_ABOUT_RETURN_TYPE = YES_ERROR;
				GCC_WARN_UNDECLARED_SELECTOR = YES;
				GCC_WARN_UNINITIALIZED_AUTOS = YES_AGGRESSIVE;
				GCC_WARN_UNUSED_FUNCTION = YES;
				GCC_WARN_UNUSED_VARIABLE = YES;
				IPHONEOS_DEPLOYMENT_TARGET = 13.2;
				MTL_ENABLE_DEBUG_INFO = INCLUDE_SOURCE;
				MTL_FAST_MATH = YES;
				ONLY_ACTIVE_ARCH = YES;
				SDKROOT = iphoneos;
				SWIFT_ACTIVE_COMPILATION_CONDITIONS = DEBUG;
				SWIFT_OPTIMIZATION_LEVEL = "-Onone";
			};
			name = Debug;
		};
		E1CB2CB02426F45000C8D5A0 /* Release */ = {
			isa = XCBuildConfiguration;
			buildSettings = {
				ALWAYS_SEARCH_USER_PATHS = NO;
				CLANG_ANALYZER_NONNULL = YES;
				CLANG_ANALYZER_NUMBER_OBJECT_CONVERSION = YES_AGGRESSIVE;
				CLANG_CXX_LANGUAGE_STANDARD = "gnu++14";
				CLANG_CXX_LIBRARY = "libc++";
				CLANG_ENABLE_MODULES = YES;
				CLANG_ENABLE_OBJC_ARC = YES;
				CLANG_ENABLE_OBJC_WEAK = YES;
				CLANG_WARN_BLOCK_CAPTURE_AUTORELEASING = YES;
				CLANG_WARN_BOOL_CONVERSION = YES;
				CLANG_WARN_COMMA = YES;
				CLANG_WARN_CONSTANT_CONVERSION = YES;
				CLANG_WARN_DEPRECATED_OBJC_IMPLEMENTATIONS = YES;
				CLANG_WARN_DIRECT_OBJC_ISA_USAGE = YES_ERROR;
				CLANG_WARN_DOCUMENTATION_COMMENTS = YES;
				CLANG_WARN_EMPTY_BODY = YES;
				CLANG_WARN_ENUM_CONVERSION = YES;
				CLANG_WARN_INFINITE_RECURSION = YES;
				CLANG_WARN_INT_CONVERSION = YES;
				CLANG_WARN_NON_LITERAL_NULL_CONVERSION = YES;
				CLANG_WARN_OBJC_IMPLICIT_RETAIN_SELF = YES;
				CLANG_WARN_OBJC_LITERAL_CONVERSION = YES;
				CLANG_WARN_OBJC_ROOT_CLASS = YES_ERROR;
				CLANG_WARN_RANGE_LOOP_ANALYSIS = YES;
				CLANG_WARN_STRICT_PROTOTYPES = YES;
				CLANG_WARN_SUSPICIOUS_MOVE = YES;
				CLANG_WARN_UNGUARDED_AVAILABILITY = YES_AGGRESSIVE;
				CLANG_WARN_UNREACHABLE_CODE = YES;
				CLANG_WARN__DUPLICATE_METHOD_MATCH = YES;
				COPY_PHASE_STRIP = NO;
				DEBUG_INFORMATION_FORMAT = "dwarf-with-dsym";
				ENABLE_NS_ASSERTIONS = NO;
				ENABLE_STRICT_OBJC_MSGSEND = YES;
				GCC_C_LANGUAGE_STANDARD = gnu11;
				GCC_NO_COMMON_BLOCKS = YES;
				GCC_WARN_64_TO_32_BIT_CONVERSION = YES;
				GCC_WARN_ABOUT_RETURN_TYPE = YES_ERROR;
				GCC_WARN_UNDECLARED_SELECTOR = YES;
				GCC_WARN_UNINITIALIZED_AUTOS = YES_AGGRESSIVE;
				GCC_WARN_UNUSED_FUNCTION = YES;
				GCC_WARN_UNUSED_VARIABLE = YES;
				IPHONEOS_DEPLOYMENT_TARGET = 13.2;
				MTL_ENABLE_DEBUG_INFO = NO;
				MTL_FAST_MATH = YES;
				SDKROOT = iphoneos;
				SWIFT_COMPILATION_MODE = wholemodule;
				SWIFT_OPTIMIZATION_LEVEL = "-O";
				VALIDATE_PRODUCT = YES;
			};
			name = Release;
		};
		E1CB2CB22426F45000C8D5A0 /* Debug */ = {
			isa = XCBuildConfiguration;
			buildSettings = {
				ASSETCATALOG_COMPILER_APPICON_NAME = AppIcon;
				CODE_SIGN_STYLE = Automatic;
				DEVELOPMENT_ASSET_PATHS = "\"Stepped Timer/Preview Content\"";
				DEVELOPMENT_TEAM = DS7Z2F756Z;
				ENABLE_PREVIEWS = YES;
				INFOPLIST_FILE = "Stepped Timer/Info.plist";
				LD_RUNPATH_SEARCH_PATHS = (
					"$(inherited)",
					"@executable_path/Frameworks",
				);
				PRODUCT_BUNDLE_IDENTIFIER = "sikrob.Stepped-Timer";
				PRODUCT_NAME = "$(TARGET_NAME)";
				SWIFT_VERSION = 5.0;
				TARGETED_DEVICE_FAMILY = "1,2";
			};
			name = Debug;
		};
		E1CB2CB32426F45000C8D5A0 /* Release */ = {
			isa = XCBuildConfiguration;
			buildSettings = {
				ASSETCATALOG_COMPILER_APPICON_NAME = AppIcon;
				CODE_SIGN_STYLE = Automatic;
				DEVELOPMENT_ASSET_PATHS = "\"Stepped Timer/Preview Content\"";
				DEVELOPMENT_TEAM = DS7Z2F756Z;
				ENABLE_PREVIEWS = YES;
				INFOPLIST_FILE = "Stepped Timer/Info.plist";
				LD_RUNPATH_SEARCH_PATHS = (
					"$(inherited)",
					"@executable_path/Frameworks",
				);
				PRODUCT_BUNDLE_IDENTIFIER = "sikrob.Stepped-Timer";
				PRODUCT_NAME = "$(TARGET_NAME)";
				SWIFT_VERSION = 5.0;
				TARGETED_DEVICE_FAMILY = "1,2";
			};
			name = Release;
		};
		E1CB2CB52426F45000C8D5A0 /* Debug */ = {
			isa = XCBuildConfiguration;
			buildSettings = {
				ALWAYS_EMBED_SWIFT_STANDARD_LIBRARIES = YES;
				BUNDLE_LOADER = "$(TEST_HOST)";
				CODE_SIGN_STYLE = Automatic;
				DEVELOPMENT_TEAM = DS7Z2F756Z;
				INFOPLIST_FILE = "Stepped TimerTests/Info.plist";
				IPHONEOS_DEPLOYMENT_TARGET = 13.2;
				LD_RUNPATH_SEARCH_PATHS = (
					"$(inherited)",
					"@executable_path/Frameworks",
					"@loader_path/Frameworks",
				);
				PRODUCT_BUNDLE_IDENTIFIER = "sikrob.Stepped-TimerTests";
				PRODUCT_NAME = "$(TARGET_NAME)";
				SWIFT_VERSION = 5.0;
				TARGETED_DEVICE_FAMILY = "1,2";
				TEST_HOST = "$(BUILT_PRODUCTS_DIR)/Stepped Timer.app/Stepped Timer";
			};
			name = Debug;
		};
		E1CB2CB62426F45000C8D5A0 /* Release */ = {
			isa = XCBuildConfiguration;
			buildSettings = {
				ALWAYS_EMBED_SWIFT_STANDARD_LIBRARIES = YES;
				BUNDLE_LOADER = "$(TEST_HOST)";
				CODE_SIGN_STYLE = Automatic;
				DEVELOPMENT_TEAM = DS7Z2F756Z;
				INFOPLIST_FILE = "Stepped TimerTests/Info.plist";
				IPHONEOS_DEPLOYMENT_TARGET = 13.2;
				LD_RUNPATH_SEARCH_PATHS = (
					"$(inherited)",
					"@executable_path/Frameworks",
					"@loader_path/Frameworks",
				);
				PRODUCT_BUNDLE_IDENTIFIER = "sikrob.Stepped-TimerTests";
				PRODUCT_NAME = "$(TARGET_NAME)";
				SWIFT_VERSION = 5.0;
				TARGETED_DEVICE_FAMILY = "1,2";
				TEST_HOST = "$(BUILT_PRODUCTS_DIR)/Stepped Timer.app/Stepped Timer";
			};
			name = Release;
		};
		E1CB2CB82426F45000C8D5A0 /* Debug */ = {
			isa = XCBuildConfiguration;
			buildSettings = {
				ALWAYS_EMBED_SWIFT_STANDARD_LIBRARIES = YES;
				CODE_SIGN_STYLE = Automatic;
				DEVELOPMENT_TEAM = DS7Z2F756Z;
				INFOPLIST_FILE = "Stepped TimerUITests/Info.plist";
				LD_RUNPATH_SEARCH_PATHS = (
					"$(inherited)",
					"@executable_path/Frameworks",
					"@loader_path/Frameworks",
				);
				PRODUCT_BUNDLE_IDENTIFIER = "sikrob.Stepped-TimerUITests";
				PRODUCT_NAME = "$(TARGET_NAME)";
				SWIFT_VERSION = 5.0;
				TARGETED_DEVICE_FAMILY = "1,2";
				TEST_TARGET_NAME = "Stepped Timer";
			};
			name = Debug;
		};
		E1CB2CB92426F45000C8D5A0 /* Release */ = {
			isa = XCBuildConfiguration;
			buildSettings = {
				ALWAYS_EMBED_SWIFT_STANDARD_LIBRARIES = YES;
				CODE_SIGN_STYLE = Automatic;
				DEVELOPMENT_TEAM = DS7Z2F756Z;
				INFOPLIST_FILE = "Stepped TimerUITests/Info.plist";
				LD_RUNPATH_SEARCH_PATHS = (
					"$(inherited)",
					"@executable_path/Frameworks",
					"@loader_path/Frameworks",
				);
				PRODUCT_BUNDLE_IDENTIFIER = "sikrob.Stepped-TimerUITests";
				PRODUCT_NAME = "$(TARGET_NAME)";
				SWIFT_VERSION = 5.0;
				TARGETED_DEVICE_FAMILY = "1,2";
				TEST_TARGET_NAME = "Stepped Timer";
			};
			name = Release;
		};
/* End XCBuildConfiguration section */

/* Begin XCConfigurationList section */
		E1CB2C7F2426F44E00C8D5A0 /* Build configuration list for PBXProject "Stepped Timer" */ = {
			isa = XCConfigurationList;
			buildConfigurations = (
				E1CB2CAF2426F45000C8D5A0 /* Debug */,
				E1CB2CB02426F45000C8D5A0 /* Release */,
			);
			defaultConfigurationIsVisible = 0;
			defaultConfigurationName = Release;
		};
		E1CB2CB12426F45000C8D5A0 /* Build configuration list for PBXNativeTarget "Stepped Timer" */ = {
			isa = XCConfigurationList;
			buildConfigurations = (
				E1CB2CB22426F45000C8D5A0 /* Debug */,
				E1CB2CB32426F45000C8D5A0 /* Release */,
			);
			defaultConfigurationIsVisible = 0;
			defaultConfigurationName = Release;
		};
		E1CB2CB42426F45000C8D5A0 /* Build configuration list for PBXNativeTarget "Stepped TimerTests" */ = {
			isa = XCConfigurationList;
			buildConfigurations = (
				E1CB2CB52426F45000C8D5A0 /* Debug */,
				E1CB2CB62426F45000C8D5A0 /* Release */,
			);
			defaultConfigurationIsVisible = 0;
			defaultConfigurationName = Release;
		};
		E1CB2CB72426F45000C8D5A0 /* Build configuration list for PBXNativeTarget "Stepped TimerUITests" */ = {
			isa = XCConfigurationList;
			buildConfigurations = (
				E1CB2CB82426F45000C8D5A0 /* Debug */,
				E1CB2CB92426F45000C8D5A0 /* Release */,
			);
			defaultConfigurationIsVisible = 0;
			defaultConfigurationName = Release;
		};
/* End XCConfigurationList section */

/* Begin XCVersionGroup section */
		E17BEEAF244C0ECC00A6D6D0 /* SteppedTimer.xcdatamodeld */ = {
			isa = XCVersionGroup;
			children = (
				E17BEEB0244C0ECC00A6D6D0 /* SteppedTimer.xcdatamodel */,
			);
			currentVersion = E17BEEB0244C0ECC00A6D6D0 /* SteppedTimer.xcdatamodel */;
			path = SteppedTimer.xcdatamodeld;
			sourceTree = "<group>";
			versionGroupType = wrapper.xcdatamodel;
		};
/* End XCVersionGroup section */
	};
	rootObject = E1CB2C7C2426F44E00C8D5A0 /* Project object */;
}
